
Microsoft Visual Studio Solution File, Format Version 12.00
# Visual Studio 15
VisualStudioVersion = 15.0.26228.12
MinimumVisualStudioVersion = 10.0.40219.1
Project("{FAE04EC0-301F-11D3-BF4B-00C04F79EFBC}") = "Podoboo", "Podoboo\Podoboo.csproj", "{CC04D171-C128-4294-A204-99D65B437837}"
EndProject
Global
	GlobalSection(SolutionConfigurationPlatforms) = preSolution
		Debug|Any CPU = Debug|Any CPU
		Release|Any CPU = Release|Any CPU
	EndGlobalSection
	GlobalSection(ProjectConfigurationPlatforms) = postSolution
		{CC04D171-C128-4294-A204-99D65B437837}.Debug|Any CPU.ActiveCfg = Debug|Any CPU
		{CC04D171-C128-4294-A204-99D65B437837}.Debug|Any CPU.Build.0 = Debug|Any CPU
		{CC04D171-C128-4294-A204-99D65B437837}.Release|Any CPU.ActiveCfg = Release|Any CPU
		{CC04D171-C128-4294-A204-99D65B437837}.Release|Any CPU.Build.0 = Release|Any CPU
	EndGlobalSection
	GlobalSection(SolutionProperties) = preSolution
		HideSolutionNode = FALSE
	EndGlobalSection
EndGlobal
